
Microsoft Visual Studio Solution File, Format Version 12.00
# Visual Studio Version 17
VisualStudioVersion = 17.2.32516.85
MinimumVisualStudioVersion = 10.0.40219.1
Project("{2150E333-8FDC-42A3-9474-1A3956D46DE8}") = "Template", "Template", "{44099A5C-DEFF-4E85-BF35-E794CFFB3805}"
EndProject
Project("{2150E333-8FDC-42A3-9474-1A3956D46DE8}") = "Default", "Default", "{9C855A40-4EA4-4EF2-B6F3-A4329B1823B4}"
EndProject
Project("{6EC3EE1D-3C4E-46DD-8F32-0CC8E7565705}") = "Build", "src\default\Build.fsproj", "{53613265-0C44-4100-839C-2D2A4A610D6E}"
EndProject
Project("{6EC3EE1D-3C4E-46DD-8F32-0CC8E7565705}") = "HitsWebAppTemplate.Client", "src\default\src\HitsWebAppTemplate.Client\HitsWebAppTemplate.Client.fsproj", "{656D1EE1-1A7E-4C9D-9451-AA0D74C010B9}"
EndProject
Project("{6EC3EE1D-3C4E-46DD-8F32-0CC8E7565705}") = "HitsWebAppTemplate.Server", "src\default\src\HitsWebAppTemplate.Server\HitsWebAppTemplate.Server.fsproj", "{9431EEF7-018B-44FE-A777-F3EB3D3D2C27}"
EndProject
Project("{6EC3EE1D-3C4E-46DD-8F32-0CC8E7565705}") = "HitsWebAppTemplate.Shared", "src\default\src\HitsWebAppTemplate.Shared\HitsWebAppTemplate.Shared.fsproj", "{0921E8FB-72AA-4706-BF29-AA48E3DFBA1E}"
EndProject
Global
	GlobalSection(SolutionConfigurationPlatforms) = preSolution
		Debug|Any CPU = Debug|Any CPU
		Release|Any CPU = Release|Any CPU
	EndGlobalSection
	GlobalSection(ProjectConfigurationPlatforms) = postSolution
		{53613265-0C44-4100-839C-2D2A4A610D6E}.Debug|Any CPU.ActiveCfg = Debug|Any CPU
		{53613265-0C44-4100-839C-2D2A4A610D6E}.Debug|Any CPU.Build.0 = Debug|Any CPU
		{53613265-0C44-4100-839C-2D2A4A610D6E}.Release|Any CPU.ActiveCfg = Release|Any CPU
		{53613265-0C44-4100-839C-2D2A4A610D6E}.Release|Any CPU.Build.0 = Release|Any CPU
		{656D1EE1-1A7E-4C9D-9451-AA0D74C010B9}.Debug|Any CPU.ActiveCfg = Debug|Any CPU
		{656D1EE1-1A7E-4C9D-9451-AA0D74C010B9}.Debug|Any CPU.Build.0 = Debug|Any CPU
		{656D1EE1-1A7E-4C9D-9451-AA0D74C010B9}.Release|Any CPU.ActiveCfg = Release|Any CPU
		{656D1EE1-1A7E-4C9D-9451-AA0D74C010B9}.Release|Any CPU.Build.0 = Release|Any CPU
		{9431EEF7-018B-44FE-A777-F3EB3D3D2C27}.Debug|Any CPU.ActiveCfg = Debug|Any CPU
		{9431EEF7-018B-44FE-A777-F3EB3D3D2C27}.Debug|Any CPU.Build.0 = Debug|Any CPU
		{9431EEF7-018B-44FE-A777-F3EB3D3D2C27}.Release|Any CPU.ActiveCfg = Release|Any CPU
		{9431EEF7-018B-44FE-A777-F3EB3D3D2C27}.Release|Any CPU.Build.0 = Release|Any CPU
		{0921E8FB-72AA-4706-BF29-AA48E3DFBA1E}.Debug|Any CPU.ActiveCfg = Debug|Any CPU
		{0921E8FB-72AA-4706-BF29-AA48E3DFBA1E}.Debug|Any CPU.Build.0 = Debug|Any CPU
		{0921E8FB-72AA-4706-BF29-AA48E3DFBA1E}.Release|Any CPU.ActiveCfg = Release|Any CPU
		{0921E8FB-72AA-4706-BF29-AA48E3DFBA1E}.Release|Any CPU.Build.0 = Release|Any CPU
	EndGlobalSection
	GlobalSection(SolutionProperties) = preSolution
		HideSolutionNode = FALSE
	EndGlobalSection
	GlobalSection(ExtensibilityGlobals) = postSolution
		SolutionGuid = {ECDD43B9-3CBE-4067-A90B-C0F4A2E2124E}
	EndGlobalSection
EndGlobal
